
Microsoft Visual Studio Solution File, Format Version 12.00
# Visual Studio Version 17
VisualStudioVersion = 17.0.31903.59
MinimumVisualStudioVersion = 10.0.40219.1
Project("{FAE04EC0-301F-11D3-BF4B-00C04F79EFBC}") = "minimal-api2", "API\minimal-api2.csproj", "{CDBE6908-E061-4EBF-95FD-1903E5933B3B}"
EndProject
Project("{FAE04EC0-301F-11D3-BF4B-00C04F79EFBC}") = "Teste", "Teste\Teste.csproj", "{1E676DC5-FF0E-4DD9-A152-2934F496A36D}"
EndProject
Global
	GlobalSection(SolutionConfigurationPlatforms) = preSolution
		Debug|Any CPU = Debug|Any CPU
		Release|Any CPU = Release|Any CPU
	EndGlobalSection
	GlobalSection(SolutionProperties) = preSolution
		HideSolutionNode = FALSE
	EndGlobalSection
	GlobalSection(ProjectConfigurationPlatforms) = postSolution
		{CDBE6908-E061-4EBF-95FD-1903E5933B3B}.Debug|Any CPU.ActiveCfg = Debug|Any CPU
		{CDBE6908-E061-4EBF-95FD-1903E5933B3B}.Debug|Any CPU.Build.0 = Debug|Any CPU
		{CDBE6908-E061-4EBF-95FD-1903E5933B3B}.Release|Any CPU.ActiveCfg = Release|Any CPU
		{CDBE6908-E061-4EBF-95FD-1903E5933B3B}.Release|Any CPU.Build.0 = Release|Any CPU
		{1E676DC5-FF0E-4DD9-A152-2934F496A36D}.Debug|Any CPU.ActiveCfg = Debug|Any CPU
		{1E676DC5-FF0E-4DD9-A152-2934F496A36D}.Debug|Any CPU.Build.0 = Debug|Any CPU
		{1E676DC5-FF0E-4DD9-A152-2934F496A36D}.Release|Any CPU.ActiveCfg = Release|Any CPU
		{1E676DC5-FF0E-4DD9-A152-2934F496A36D}.Release|Any CPU.Build.0 = Release|Any CPU
	EndGlobalSection
EndGlobal
